
Microsoft Visual Studio Solution File, Format Version 12.00
# Visual Studio 14
VisualStudioVersion = 14.0.25420.1
MinimumVisualStudioVersion = 10.0.40219.1
Project("{FAE04EC0-301F-11D3-BF4B-00C04F79EFBC}") = "BulkImportSample", "BulkImportSample\BulkImportSample.csproj", "{38689E63-036A-4600-B570-CCF82EC58545}"
EndProject
Global
	GlobalSection(SolutionConfigurationPlatforms) = preSolution
		Debug|Any CPU = Debug|Any CPU
		Release|Any CPU = Release|Any CPU
	EndGlobalSection
	GlobalSection(ProjectConfigurationPlatforms) = postSolution
		{38689E63-036A-4600-B570-CCF82EC58545}.Debug|Any CPU.ActiveCfg = Release|x64
		{38689E63-036A-4600-B570-CCF82EC58545}.Debug|Any CPU.Build.0 = Release|x64
		{38689E63-036A-4600-B570-CCF82EC58545}.Release|Any CPU.ActiveCfg = Release|x64
		{38689E63-036A-4600-B570-CCF82EC58545}.Release|Any CPU.Build.0 = Release|x64
	EndGlobalSection
	GlobalSection(SolutionProperties) = preSolution
		HideSolutionNode = FALSE
	EndGlobalSection
EndGlobal
